github.com/brianvoe/gofakeit/v6 v6.28.0 h1:Xib46XXuQfmlLS2EXRuJpqcw8St6qSZz75OUo0tgAW4=
github.com/brianvoe/gofakeit/v6 v6.28.0/go.mod h1:Xj58BMSnFqcn/fAQeSK+/PLtC5kSb7FJIq4JyGa8vEs=
github.com/davecgh/go-spew v1.1.2-0.20180830191138-d8f796af33cc h1:U9qPSI2PIWSS1VwoXQT9A3Wy9MM3WgvqSxFWenqJduM=
github.com/davecgh/go-spew v1.1.2-0.20180830191138-d8f796af33cc/go.mod h1:J7Y8YcW2NihsgmVo/mv3lAwl/skON4iLHjSsI+c5H38=
github.com/pmezard/go-difflib v1.0.1-0.20181226105442-5d4384ee4fb2 h1:Jamvg5psRIccs7FGNTlIRMkT8wgtp5eCXdBlqhYGL6U=
github.com/pmezard/go-difflib v1.0.1-0.20181226105442-5d4384ee4fb2/go.mod h1:iKH77koFhYxTK1pcRnkKkqfTogsbg7gZNVY4sRDYZ/4=
github.com/rabbitmq/amqp091-go v1.10.0 h1:STpn5XsHlHGcecLmMFCtg7mqq0RnD+zFr4uzukfVhBw=
github.com/rabbitmq/amqp091-go v1.10.0/go.mod h1:Hy4jKW5kQART1u+JkDTF9YYOQUHXqMuhrgxOEeS7G4o=
github.com/stretchr/testify v1.11.1 h1:7s2iGBzp5EwR7/aIZr8ao5+dra3wiQyKjjFuvgVKu7U=
github.com/stretchr/testify v1.11.1/go.mod h1:wZwfW3scLgRK+23gO65QZefKpKQRnfz6sD981Nm4B6U=
github.com/upfluence/amqp v0.0.1 h1:kFrJKHbysTEYhmbFgOUCLBZHjPxahP8OneDPlXorLmc=
github.com/upfluence/amqp v0.0.1/go.mod h1:rtkw5WNTZ6a/gtqnZb2SHwg/3D6jTQX7BYcUU03hSyo=
github.com/upfluence/errors v0.2.15 h1:RtX6cPPB/DRRF2/lWIkjht3qA7fPj+9XfDusCQPMvc0=
github.com/upfluence/errors v0.2.15/go.mod h1:F20G28/uHKxrcXwrufkVl7iy/SVozr+6w9Xyg5BEx0k=
github.com/upfluence/log v0.0.6 h1:cG+dq0CXTZTXGknzwZbQEW2QQH6KRjUu9rysdhmhBcA=
github.com/upfluence/log v0.0.6/go.mod h1:pCbKPbgnoF5zqR9JsTgParTIEBvqXsIuaa8eoEVhdPA=
github.com/upfluence/pkg/v2 v2.0.1 h1:W/Wrl009bJYCHohgPyn1x4sSsaPXRbvBpFGiSUG1Jjs=
github.com/upfluence/pkg/v2 v2.0.1/go.mod h1:kpcAbVpENNtO8CblGl8nOqD0fp8G4WQQp4lgtat8j2U=
github.com/upfluence/stats v0.1.9 h1:lCALzQXll2oMSj04hWCZu15vGVj140yR1V9tN/SclWU=
github.com/upfluence/stats v0.1.9/go.mod h1:68ZOq0AWeoZlgdp9M50Vxbtxl6+HCtsMlAcSEQmSr4Y=
go.uber.org/goleak v1.3.0 h1:2K3zAYmnTNqV73imy9J1T3WC+gmCePx2hEGkimedGto=
go.uber.org/goleak v1.3.0/go.mod h1:CoHD4mav9JJNrW/WLlf7HGZPjdw8EucARQHekz1X6bE=
golang.org/x/time v0.13.0 h1:eUlYslOIt32DgYD6utsuUeHs4d7AsEYLuIAdg7FlYgI=
golang.org/x/time v0.13.0/go.mod h1:eL/Oa2bBBK0TkX57Fyni+NgnyQQN4LitPmob2Hjnqw4=
gopkg.in/yaml.v3 v3.0.1 h1:fxVm/GzAzEWqLHuvctI91KS9hhNmmWOoWu0XTYJS7CA=
gopkg.in/yaml.v3 v3.0.1/go.mod h1:K4uyk7z7BCEPqu6E+C64Yfv1cQ7kz7rIZviUmN+EgEM=
